
Microsoft Visual Studio Solution File, Format Version 12.00
Project("{FAE04EC0-301F-11D3-BF4B-00C04F79EFBC}") = "VB-TheOneAndOnly", "VB-TheOneAndOnly\VB-TheOneAndOnly.csproj", "{42540FE6-E2E4-4E9D-A853-50B57A237296}"
EndProject
Global
	GlobalSection(SolutionConfigurationPlatforms) = preSolution
		Debug|Any CPU = Debug|Any CPU
		Release|Any CPU = Release|Any CPU
	EndGlobalSection
	GlobalSection(ProjectConfigurationPlatforms) = postSolution
		{42540FE6-E2E4-4E9D-A853-50B57A237296}.Debug|Any CPU.ActiveCfg = Debug|Any CPU
		{42540FE6-E2E4-4E9D-A853-50B57A237296}.Debug|Any CPU.Build.0 = Debug|Any CPU
		{42540FE6-E2E4-4E9D-A853-50B57A237296}.Release|Any CPU.ActiveCfg = Release|Any CPU
		{42540FE6-E2E4-4E9D-A853-50B57A237296}.Release|Any CPU.Build.0 = Release|Any CPU
	EndGlobalSection
EndGlobal
